
Microsoft Visual Studio Solution File, Format Version 12.00
# Visual Studio Version 16
VisualStudioVersion = 16.0.29324.140
MinimumVisualStudioVersion = 10.0.40219.1
Project("{FAE04EC0-301F-11D3-BF4B-00C04F79EFBC}") = "0_HelloWorld", "HelloWorld\0_HelloWorld.csproj", "{5F20061B-917E-4896-A017-C1BFDD5DCCFB}"
EndProject
Project("{FAE04EC0-301F-11D3-BF4B-00C04F79EFBC}") = "Matrix", "Matrix\Matrix.csproj", "{B086FAF0-35A0-4876-A704-697EB0C2EBB1}"
EndProject
Project("{FAE04EC0-301F-11D3-BF4B-00C04F79EFBC}") = "2_Array_List_Enum", "Array_List_Enum\2_Array_List_Enum.csproj", "{85FA8C11-F397-4BD5-B9C0-09D35777FA31}"
EndProject
Project("{FAE04EC0-301F-11D3-BF4B-00C04F79EFBC}") = "3_IfElse_Switch", "IfElse_Switch\3_IfElse_Switch.csproj", "{DABCE35B-7093-4800-B76B-9E0BDC7A36E4}"
EndProject
Project("{FAE04EC0-301F-11D3-BF4B-00C04F79EFBC}") = "4_Cycles", "Cycles\4_Cycles.csproj", "{68AED0E4-B5C9-4276-8DCC-FB5962A18355}"
EndProject
Project("{FAE04EC0-301F-11D3-BF4B-00C04F79EFBC}") = "5_Methods", "Methods\5_Methods.csproj", "{7574D4A8-2E18-4FCA-846E-006D3F3FA412}"
EndProject
Project("{FAE04EC0-301F-11D3-BF4B-00C04F79EFBC}") = "6_Tuples_and_Struct", "Tuples\6_Tuples_and_Struct.csproj", "{20530371-1A8B-4786-964E-553750882838}"
EndProject
Project("{FAE04EC0-301F-11D3-BF4B-00C04F79EFBC}") = "1_Variables", "Variables\1_Variables.csproj", "{AEF7D81B-25B6-43F9-9511-01BEA989294C}"
EndProject
Project("{9A19103F-16F7-4668-BE54-9A1E7A4F7556}") = "7_WorkWith_String", "WorkWithString\7_WorkWith_String.csproj", "{1786A7DE-551F-4C3B-BFB4-987AA2CBFB2C}"
EndProject
Project("{FAE04EC0-301F-11D3-BF4B-00C04F79EFBC}") = "8_WorkWith_DateTime", "WorkWith_DateTime\8_WorkWith_DateTime.csproj", "{44587ABB-E4F5-4960-AA00-48A2AF3AD399}"
EndProject
Global
	GlobalSection(SolutionConfigurationPlatforms) = preSolution
		Debug|Any CPU = Debug|Any CPU
		Release|Any CPU = Release|Any CPU
	EndGlobalSection
	GlobalSection(ProjectConfigurationPlatforms) = postSolution
		{5F20061B-917E-4896-A017-C1BFDD5DCCFB}.Debug|Any CPU.ActiveCfg = Debug|Any CPU
		{5F20061B-917E-4896-A017-C1BFDD5DCCFB}.Debug|Any CPU.Build.0 = Debug|Any CPU
		{5F20061B-917E-4896-A017-C1BFDD5DCCFB}.Release|Any CPU.ActiveCfg = Release|Any CPU
		{5F20061B-917E-4896-A017-C1BFDD5DCCFB}.Release|Any CPU.Build.0 = Release|Any CPU
		{B086FAF0-35A0-4876-A704-697EB0C2EBB1}.Debug|Any CPU.ActiveCfg = Debug|Any CPU
		{B086FAF0-35A0-4876-A704-697EB0C2EBB1}.Debug|Any CPU.Build.0 = Debug|Any CPU
		{B086FAF0-35A0-4876-A704-697EB0C2EBB1}.Release|Any CPU.ActiveCfg = Release|Any CPU
		{B086FAF0-35A0-4876-A704-697EB0C2EBB1}.Release|Any CPU.Build.0 = Release|Any CPU
		{85FA8C11-F397-4BD5-B9C0-09D35777FA31}.Debug|Any CPU.ActiveCfg = Debug|Any CPU
		{85FA8C11-F397-4BD5-B9C0-09D35777FA31}.Debug|Any CPU.Build.0 = Debug|Any CPU
		{85FA8C11-F397-4BD5-B9C0-09D35777FA31}.Release|Any CPU.ActiveCfg = Release|Any CPU
		{85FA8C11-F397-4BD5-B9C0-09D35777FA31}.Release|Any CPU.Build.0 = Release|Any CPU
		{DABCE35B-7093-4800-B76B-9E0BDC7A36E4}.Debug|Any CPU.ActiveCfg = Debug|Any CPU
		{DABCE35B-7093-4800-B76B-9E0BDC7A36E4}.Debug|Any CPU.Build.0 = Debug|Any CPU
		{DABCE35B-7093-4800-B76B-9E0BDC7A36E4}.Release|Any CPU.ActiveCfg = Release|Any CPU
		{DABCE35B-7093-4800-B76B-9E0BDC7A36E4}.Release|Any CPU.Build.0 = Release|Any CPU
		{68AED0E4-B5C9-4276-8DCC-FB5962A18355}.Debug|Any CPU.ActiveCfg = Debug|Any CPU
		{68AED0E4-B5C9-4276-8DCC-FB5962A18355}.Debug|Any CPU.Build.0 = Debug|Any CPU
		{68AED0E4-B5C9-4276-8DCC-FB5962A18355}.Release|Any CPU.ActiveCfg = Release|Any CPU
		{68AED0E4-B5C9-4276-8DCC-FB5962A18355}.Release|Any CPU.Build.0 = Release|Any CPU
		{7574D4A8-2E18-4FCA-846E-006D3F3FA412}.Debug|Any CPU.ActiveCfg = Debug|Any CPU
		{7574D4A8-2E18-4FCA-846E-006D3F3FA412}.Debug|Any CPU.Build.0 = Debug|Any CPU
		{7574D4A8-2E18-4FCA-846E-006D3F3FA412}.Release|Any CPU.ActiveCfg = Release|Any CPU
		{7574D4A8-2E18-4FCA-846E-006D3F3FA412}.Release|Any CPU.Build.0 = Release|Any CPU
		{20530371-1A8B-4786-964E-553750882838}.Debug|Any CPU.ActiveCfg = Debug|Any CPU
		{20530371-1A8B-4786-964E-553750882838}.Debug|Any CPU.Build.0 = Debug|Any CPU
		{20530371-1A8B-4786-964E-553750882838}.Release|Any CPU.ActiveCfg = Release|Any CPU
		{20530371-1A8B-4786-964E-553750882838}.Release|Any CPU.Build.0 = Release|Any CPU
		{AEF7D81B-25B6-43F9-9511-01BEA989294C}.Debug|Any CPU.ActiveCfg = Debug|Any CPU
		{AEF7D81B-25B6-43F9-9511-01BEA989294C}.Debug|Any CPU.Build.0 = Debug|Any CPU
		{AEF7D81B-25B6-43F9-9511-01BEA989294C}.Release|Any CPU.ActiveCfg = Release|Any CPU
		{AEF7D81B-25B6-43F9-9511-01BEA989294C}.Release|Any CPU.Build.0 = Release|Any CPU
		{1786A7DE-551F-4C3B-BFB4-987AA2CBFB2C}.Debug|Any CPU.ActiveCfg = Debug|Any CPU
		{1786A7DE-551F-4C3B-BFB4-987AA2CBFB2C}.Debug|Any CPU.Build.0 = Debug|Any CPU
		{1786A7DE-551F-4C3B-BFB4-987AA2CBFB2C}.Release|Any CPU.ActiveCfg = Release|Any CPU
		{1786A7DE-551F-4C3B-BFB4-987AA2CBFB2C}.Release|Any CPU.Build.0 = Release|Any CPU
		{44587ABB-E4F5-4960-AA00-48A2AF3AD399}.Debug|Any CPU.ActiveCfg = Debug|Any CPU
		{44587ABB-E4F5-4960-AA00-48A2AF3AD399}.Debug|Any CPU.Build.0 = Debug|Any CPU
		{44587ABB-E4F5-4960-AA00-48A2AF3AD399}.Release|Any CPU.ActiveCfg = Release|Any CPU
		{44587ABB-E4F5-4960-AA00-48A2AF3AD399}.Release|Any CPU.Build.0 = Release|Any CPU
	EndGlobalSection
	GlobalSection(SolutionProperties) = preSolution
		HideSolutionNode = FALSE
	EndGlobalSection
	GlobalSection(ExtensibilityGlobals) = postSolution
		SolutionGuid = {845C8883-6FDC-4FC2-A81A-D55AA3106CC4}
	EndGlobalSection
EndGlobal
