
Microsoft Visual Studio Solution File, Format Version 12.00
# Visual Studio Version 16
VisualStudioVersion = 16.0.29806.167
MinimumVisualStudioVersion = 10.0.40219.1
Project("{FAE04EC0-301F-11D3-BF4B-00C04F79EFBC}") = "1_Processes", "Processes\1_Processes.csproj", "{EB6C8920-AF0B-46E9-9722-FB779DF782E4}"
EndProject
Project("{FAE04EC0-301F-11D3-BF4B-00C04F79EFBC}") = "2_ApplicationDomain", "ApplicationDomain\2_ApplicationDomain.csproj", "{F9DF4E9E-01E7-4DCF-AE90-12992EFDB6A1}"
EndProject
Project("{FAE04EC0-301F-11D3-BF4B-00C04F79EFBC}") = "3_DynamicLoad_and_Unload", "DynamicLoad_and_Unload\3_DynamicLoad_and_Unload.csproj", "{794415D6-23D5-441E-A701-E0F441502448}"
EndProject
Project("{FAE04EC0-301F-11D3-BF4B-00C04F79EFBC}") = "MyApp", "MyApp\MyApp.csproj", "{B1D0FE7A-3386-478F-95C2-71E772D07918}"
EndProject
Global
	GlobalSection(SolutionConfigurationPlatforms) = preSolution
		Debug|Any CPU = Debug|Any CPU
		Release|Any CPU = Release|Any CPU
	EndGlobalSection
	GlobalSection(ProjectConfigurationPlatforms) = postSolution
		{EB6C8920-AF0B-46E9-9722-FB779DF782E4}.Debug|Any CPU.ActiveCfg = Debug|Any CPU
		{EB6C8920-AF0B-46E9-9722-FB779DF782E4}.Debug|Any CPU.Build.0 = Debug|Any CPU
		{EB6C8920-AF0B-46E9-9722-FB779DF782E4}.Release|Any CPU.ActiveCfg = Release|Any CPU
		{EB6C8920-AF0B-46E9-9722-FB779DF782E4}.Release|Any CPU.Build.0 = Release|Any CPU
		{F9DF4E9E-01E7-4DCF-AE90-12992EFDB6A1}.Debug|Any CPU.ActiveCfg = Debug|Any CPU
		{F9DF4E9E-01E7-4DCF-AE90-12992EFDB6A1}.Debug|Any CPU.Build.0 = Debug|Any CPU
		{F9DF4E9E-01E7-4DCF-AE90-12992EFDB6A1}.Release|Any CPU.ActiveCfg = Release|Any CPU
		{F9DF4E9E-01E7-4DCF-AE90-12992EFDB6A1}.Release|Any CPU.Build.0 = Release|Any CPU
		{794415D6-23D5-441E-A701-E0F441502448}.Debug|Any CPU.ActiveCfg = Debug|Any CPU
		{794415D6-23D5-441E-A701-E0F441502448}.Debug|Any CPU.Build.0 = Debug|Any CPU
		{794415D6-23D5-441E-A701-E0F441502448}.Release|Any CPU.ActiveCfg = Release|Any CPU
		{794415D6-23D5-441E-A701-E0F441502448}.Release|Any CPU.Build.0 = Release|Any CPU
		{B1D0FE7A-3386-478F-95C2-71E772D07918}.Debug|Any CPU.ActiveCfg = Debug|Any CPU
		{B1D0FE7A-3386-478F-95C2-71E772D07918}.Debug|Any CPU.Build.0 = Debug|Any CPU
		{B1D0FE7A-3386-478F-95C2-71E772D07918}.Release|Any CPU.ActiveCfg = Release|Any CPU
		{B1D0FE7A-3386-478F-95C2-71E772D07918}.Release|Any CPU.Build.0 = Release|Any CPU
	EndGlobalSection
	GlobalSection(SolutionProperties) = preSolution
		HideSolutionNode = FALSE
	EndGlobalSection
	GlobalSection(ExtensibilityGlobals) = postSolution
		SolutionGuid = {A6D1D248-8F15-4FAF-96F0-0B52A4D63DAD}
	EndGlobalSection
EndGlobal
