
Microsoft Visual Studio Solution File, Format Version 12.00
# Visual Studio Version 16
VisualStudioVersion = 16.0.29806.167
MinimumVisualStudioVersion = 10.0.40219.1
Project("{9A19103F-16F7-4668-BE54-9A1E7A4F7556}") = "2_ThreadSynchronization", "ThreadSynchronization\2_ThreadSynchronization.csproj", "{246CE368-8308-4010-8BDD-F47E35FB089B}"
EndProject
Project("{9A19103F-16F7-4668-BE54-9A1E7A4F7556}") = "3_Timers", "Timers\3_Timers.csproj", "{7EBC71FD-13FF-4B00-ADD4-ACA0B8F06B79}"
EndProject
Project("{9A19103F-16F7-4668-BE54-9A1E7A4F7556}") = "1_Thread_Start_Lock", "Thread_Start_Lock\1_Thread_Start_Lock.csproj", "{C80B59A0-00A5-4ADE-B06F-1028208343DF}"
EndProject
Project("{FAE04EC0-301F-11D3-BF4B-00C04F79EFBC}") = "4_TPL_Task", "TPL_Task\4_TPL_Task.csproj", "{6407E007-DAA3-4CE6-91AA-F22D5B797F99}"
EndProject
Project("{FAE04EC0-301F-11D3-BF4B-00C04F79EFBC}") = "5_TPL_Parallel", "TPL_Parallel\5_TPL_Parallel.csproj", "{6F97A0D1-9772-4D6E-9BF4-FEBCDD3F73A4}"
EndProject
Project("{FAE04EC0-301F-11D3-BF4B-00C04F79EFBC}") = "6_TPL_CancellationToken", "TPL_CancellationToken\6_TPL_CancellationToken.csproj", "{13599C57-14B8-4EC4-9CF4-EFC52787D066}"
EndProject
Global
	GlobalSection(SolutionConfigurationPlatforms) = preSolution
		Debug|Any CPU = Debug|Any CPU
		Release|Any CPU = Release|Any CPU
	EndGlobalSection
	GlobalSection(ProjectConfigurationPlatforms) = postSolution
		{246CE368-8308-4010-8BDD-F47E35FB089B}.Debug|Any CPU.ActiveCfg = Debug|Any CPU
		{246CE368-8308-4010-8BDD-F47E35FB089B}.Debug|Any CPU.Build.0 = Debug|Any CPU
		{246CE368-8308-4010-8BDD-F47E35FB089B}.Release|Any CPU.ActiveCfg = Release|Any CPU
		{246CE368-8308-4010-8BDD-F47E35FB089B}.Release|Any CPU.Build.0 = Release|Any CPU
		{7EBC71FD-13FF-4B00-ADD4-ACA0B8F06B79}.Debug|Any CPU.ActiveCfg = Debug|Any CPU
		{7EBC71FD-13FF-4B00-ADD4-ACA0B8F06B79}.Debug|Any CPU.Build.0 = Debug|Any CPU
		{7EBC71FD-13FF-4B00-ADD4-ACA0B8F06B79}.Release|Any CPU.ActiveCfg = Release|Any CPU
		{7EBC71FD-13FF-4B00-ADD4-ACA0B8F06B79}.Release|Any CPU.Build.0 = Release|Any CPU
		{C80B59A0-00A5-4ADE-B06F-1028208343DF}.Debug|Any CPU.ActiveCfg = Debug|Any CPU
		{C80B59A0-00A5-4ADE-B06F-1028208343DF}.Debug|Any CPU.Build.0 = Debug|Any CPU
		{C80B59A0-00A5-4ADE-B06F-1028208343DF}.Release|Any CPU.ActiveCfg = Release|Any CPU
		{C80B59A0-00A5-4ADE-B06F-1028208343DF}.Release|Any CPU.Build.0 = Release|Any CPU
		{6407E007-DAA3-4CE6-91AA-F22D5B797F99}.Debug|Any CPU.ActiveCfg = Debug|Any CPU
		{6407E007-DAA3-4CE6-91AA-F22D5B797F99}.Debug|Any CPU.Build.0 = Debug|Any CPU
		{6407E007-DAA3-4CE6-91AA-F22D5B797F99}.Release|Any CPU.ActiveCfg = Release|Any CPU
		{6407E007-DAA3-4CE6-91AA-F22D5B797F99}.Release|Any CPU.Build.0 = Release|Any CPU
		{6F97A0D1-9772-4D6E-9BF4-FEBCDD3F73A4}.Debug|Any CPU.ActiveCfg = Debug|Any CPU
		{6F97A0D1-9772-4D6E-9BF4-FEBCDD3F73A4}.Debug|Any CPU.Build.0 = Debug|Any CPU
		{6F97A0D1-9772-4D6E-9BF4-FEBCDD3F73A4}.Release|Any CPU.ActiveCfg = Release|Any CPU
		{6F97A0D1-9772-4D6E-9BF4-FEBCDD3F73A4}.Release|Any CPU.Build.0 = Release|Any CPU
		{13599C57-14B8-4EC4-9CF4-EFC52787D066}.Debug|Any CPU.ActiveCfg = Debug|Any CPU
		{13599C57-14B8-4EC4-9CF4-EFC52787D066}.Debug|Any CPU.Build.0 = Debug|Any CPU
		{13599C57-14B8-4EC4-9CF4-EFC52787D066}.Release|Any CPU.ActiveCfg = Release|Any CPU
		{13599C57-14B8-4EC4-9CF4-EFC52787D066}.Release|Any CPU.Build.0 = Release|Any CPU
	EndGlobalSection
	GlobalSection(SolutionProperties) = preSolution
		HideSolutionNode = FALSE
	EndGlobalSection
	GlobalSection(ExtensibilityGlobals) = postSolution
		SolutionGuid = {96CDEBC5-CB31-4783-9B8F-4D11E031F9B7}
	EndGlobalSection
EndGlobal
