
Microsoft Visual Studio Solution File, Format Version 12.00
# Visual Studio Version 16
VisualStudioVersion = 16.0.29324.140
MinimumVisualStudioVersion = 10.0.40219.1
Project("{9A19103F-16F7-4668-BE54-9A1E7A4F7556}") = "1_Extension_Method", "Extension_Method\1_Extension_Method.csproj", "{CDF5AB34-1CF1-42D2-A0A2-6B97FB43E554}"
EndProject
Project("{9A19103F-16F7-4668-BE54-9A1E7A4F7556}") = "2_Indexer_Yield_IEnumerable", "Indexer_Yield_IEnumerable\2_Indexer_Yield_IEnumerable.csproj", "{E313E408-DD77-4F9C-A1AD-0392A813ADAA}"
EndProject
Project("{9A19103F-16F7-4668-BE54-9A1E7A4F7556}") = "3_Anonymous_type_and_Tuples", "Anonymous_type_and_Tuples\3_Anonymous_type_and_Tuples.csproj", "{A836D70B-0C1D-4F55-AE83-9A3238F0054E}"
EndProject
Project("{9A19103F-16F7-4668-BE54-9A1E7A4F7556}") = "4_AnonymMethod_Lambda", "AnonymMethod_Lambda\4_AnonymMethod_Lambda.csproj", "{944F9723-F3D4-4413-BFCE-9D70238425A1}"
EndProject
Project("{9A19103F-16F7-4668-BE54-9A1E7A4F7556}") = "5_Attribute_Reflection", "Attribute_Reflection\5_Attribute_Reflection.csproj", "{685B95EA-B323-461A-9DE9-D34589F3817F}"
EndProject
Project("{9A19103F-16F7-4668-BE54-9A1E7A4F7556}") = "6_Serialization", "Serialization\6_Serialization.csproj", "{3E616364-D57A-4994-BE6E-3101E7BF6F4B}"
EndProject
Project("{FAE04EC0-301F-11D3-BF4B-00C04F79EFBC}") = "7_GarbageCollector", "GarbageCollectror\7_GarbageCollector.csproj", "{7D891C8E-A6FE-4850-A014-F51A720976AA}"
EndProject
Global
	GlobalSection(SolutionConfigurationPlatforms) = preSolution
		Debug|Any CPU = Debug|Any CPU
		Release|Any CPU = Release|Any CPU
	EndGlobalSection
	GlobalSection(ProjectConfigurationPlatforms) = postSolution
		{CDF5AB34-1CF1-42D2-A0A2-6B97FB43E554}.Debug|Any CPU.ActiveCfg = Debug|Any CPU
		{CDF5AB34-1CF1-42D2-A0A2-6B97FB43E554}.Debug|Any CPU.Build.0 = Debug|Any CPU
		{CDF5AB34-1CF1-42D2-A0A2-6B97FB43E554}.Release|Any CPU.ActiveCfg = Release|Any CPU
		{CDF5AB34-1CF1-42D2-A0A2-6B97FB43E554}.Release|Any CPU.Build.0 = Release|Any CPU
		{E313E408-DD77-4F9C-A1AD-0392A813ADAA}.Debug|Any CPU.ActiveCfg = Debug|Any CPU
		{E313E408-DD77-4F9C-A1AD-0392A813ADAA}.Debug|Any CPU.Build.0 = Debug|Any CPU
		{E313E408-DD77-4F9C-A1AD-0392A813ADAA}.Release|Any CPU.ActiveCfg = Release|Any CPU
		{E313E408-DD77-4F9C-A1AD-0392A813ADAA}.Release|Any CPU.Build.0 = Release|Any CPU
		{A836D70B-0C1D-4F55-AE83-9A3238F0054E}.Debug|Any CPU.ActiveCfg = Debug|Any CPU
		{A836D70B-0C1D-4F55-AE83-9A3238F0054E}.Debug|Any CPU.Build.0 = Debug|Any CPU
		{A836D70B-0C1D-4F55-AE83-9A3238F0054E}.Release|Any CPU.ActiveCfg = Release|Any CPU
		{A836D70B-0C1D-4F55-AE83-9A3238F0054E}.Release|Any CPU.Build.0 = Release|Any CPU
		{944F9723-F3D4-4413-BFCE-9D70238425A1}.Debug|Any CPU.ActiveCfg = Debug|Any CPU
		{944F9723-F3D4-4413-BFCE-9D70238425A1}.Debug|Any CPU.Build.0 = Debug|Any CPU
		{944F9723-F3D4-4413-BFCE-9D70238425A1}.Release|Any CPU.ActiveCfg = Release|Any CPU
		{944F9723-F3D4-4413-BFCE-9D70238425A1}.Release|Any CPU.Build.0 = Release|Any CPU
		{685B95EA-B323-461A-9DE9-D34589F3817F}.Debug|Any CPU.ActiveCfg = Debug|Any CPU
		{685B95EA-B323-461A-9DE9-D34589F3817F}.Debug|Any CPU.Build.0 = Debug|Any CPU
		{685B95EA-B323-461A-9DE9-D34589F3817F}.Release|Any CPU.ActiveCfg = Release|Any CPU
		{685B95EA-B323-461A-9DE9-D34589F3817F}.Release|Any CPU.Build.0 = Release|Any CPU
		{3E616364-D57A-4994-BE6E-3101E7BF6F4B}.Debug|Any CPU.ActiveCfg = Debug|Any CPU
		{3E616364-D57A-4994-BE6E-3101E7BF6F4B}.Debug|Any CPU.Build.0 = Debug|Any CPU
		{3E616364-D57A-4994-BE6E-3101E7BF6F4B}.Release|Any CPU.ActiveCfg = Release|Any CPU
		{3E616364-D57A-4994-BE6E-3101E7BF6F4B}.Release|Any CPU.Build.0 = Release|Any CPU
		{7D891C8E-A6FE-4850-A014-F51A720976AA}.Debug|Any CPU.ActiveCfg = Debug|Any CPU
		{7D891C8E-A6FE-4850-A014-F51A720976AA}.Debug|Any CPU.Build.0 = Debug|Any CPU
		{7D891C8E-A6FE-4850-A014-F51A720976AA}.Release|Any CPU.ActiveCfg = Release|Any CPU
		{7D891C8E-A6FE-4850-A014-F51A720976AA}.Release|Any CPU.Build.0 = Release|Any CPU
	EndGlobalSection
	GlobalSection(SolutionProperties) = preSolution
		HideSolutionNode = FALSE
	EndGlobalSection
	GlobalSection(ExtensibilityGlobals) = postSolution
		SolutionGuid = {ADF71813-C5A4-444C-8C98-9F32A55D2336}
	EndGlobalSection
EndGlobal
