
Microsoft Visual Studio Solution File, Format Version 12.00
# Visual Studio Version 16
VisualStudioVersion = 16.0.29806.167
MinimumVisualStudioVersion = 10.0.40219.1
Project("{9A19103F-16F7-4668-BE54-9A1E7A4F7556}") = "2_Stack", "Stack\2_Stack.csproj", "{3A769795-2D7C-4B18-863B-32E33CB52F9A}"
EndProject
Project("{9A19103F-16F7-4668-BE54-9A1E7A4F7556}") = "3_Linked_List_2", "Linked_List_2\3_Linked_List_2.csproj", "{3174C6BE-1F09-4E23-BEF6-F531CA0C41EF}"
EndProject
Project("{9A19103F-16F7-4668-BE54-9A1E7A4F7556}") = "1_Linked_List_1", "Linked_List_1\1_Linked_List_1.csproj", "{A8A609E2-15C6-4F80-8302-E00D3704E395}"
EndProject
Project("{9A19103F-16F7-4668-BE54-9A1E7A4F7556}") = "4_Circular_Linked_List", "Circular_Linked_List\4_Circular_Linked_List.csproj", "{88A5616C-7E37-402B-A340-66C7A8FE3B4E}"
EndProject
Project("{9A19103F-16F7-4668-BE54-9A1E7A4F7556}") = "5_Queue", "Queue\5_Queue.csproj", "{8340EBD1-9388-47F7-9553-B5A6FF30B25A}"
EndProject
Project("{9A19103F-16F7-4668-BE54-9A1E7A4F7556}") = "6_Deque", "Deque\6_Deque.csproj", "{BB2B87EB-36D4-4FFC-9FDA-2B933B717599}"
EndProject
Project("{FAE04EC0-301F-11D3-BF4B-00C04F79EFBC}") = "7_Set", "Set\7_Set.csproj", "{263DF67C-AE64-4D9F-8C87-0B0128146A55}"
EndProject
Global
	GlobalSection(SolutionConfigurationPlatforms) = preSolution
		Debug|Any CPU = Debug|Any CPU
		Release|Any CPU = Release|Any CPU
	EndGlobalSection
	GlobalSection(ProjectConfigurationPlatforms) = postSolution
		{3A769795-2D7C-4B18-863B-32E33CB52F9A}.Debug|Any CPU.ActiveCfg = Debug|Any CPU
		{3A769795-2D7C-4B18-863B-32E33CB52F9A}.Debug|Any CPU.Build.0 = Debug|Any CPU
		{3A769795-2D7C-4B18-863B-32E33CB52F9A}.Release|Any CPU.ActiveCfg = Release|Any CPU
		{3A769795-2D7C-4B18-863B-32E33CB52F9A}.Release|Any CPU.Build.0 = Release|Any CPU
		{3174C6BE-1F09-4E23-BEF6-F531CA0C41EF}.Debug|Any CPU.ActiveCfg = Debug|Any CPU
		{3174C6BE-1F09-4E23-BEF6-F531CA0C41EF}.Debug|Any CPU.Build.0 = Debug|Any CPU
		{3174C6BE-1F09-4E23-BEF6-F531CA0C41EF}.Release|Any CPU.ActiveCfg = Release|Any CPU
		{3174C6BE-1F09-4E23-BEF6-F531CA0C41EF}.Release|Any CPU.Build.0 = Release|Any CPU
		{A8A609E2-15C6-4F80-8302-E00D3704E395}.Debug|Any CPU.ActiveCfg = Debug|Any CPU
		{A8A609E2-15C6-4F80-8302-E00D3704E395}.Debug|Any CPU.Build.0 = Debug|Any CPU
		{A8A609E2-15C6-4F80-8302-E00D3704E395}.Release|Any CPU.ActiveCfg = Release|Any CPU
		{A8A609E2-15C6-4F80-8302-E00D3704E395}.Release|Any CPU.Build.0 = Release|Any CPU
		{88A5616C-7E37-402B-A340-66C7A8FE3B4E}.Debug|Any CPU.ActiveCfg = Debug|Any CPU
		{88A5616C-7E37-402B-A340-66C7A8FE3B4E}.Debug|Any CPU.Build.0 = Debug|Any CPU
		{88A5616C-7E37-402B-A340-66C7A8FE3B4E}.Release|Any CPU.ActiveCfg = Release|Any CPU
		{88A5616C-7E37-402B-A340-66C7A8FE3B4E}.Release|Any CPU.Build.0 = Release|Any CPU
		{8340EBD1-9388-47F7-9553-B5A6FF30B25A}.Debug|Any CPU.ActiveCfg = Debug|Any CPU
		{8340EBD1-9388-47F7-9553-B5A6FF30B25A}.Debug|Any CPU.Build.0 = Debug|Any CPU
		{8340EBD1-9388-47F7-9553-B5A6FF30B25A}.Release|Any CPU.ActiveCfg = Release|Any CPU
		{8340EBD1-9388-47F7-9553-B5A6FF30B25A}.Release|Any CPU.Build.0 = Release|Any CPU
		{BB2B87EB-36D4-4FFC-9FDA-2B933B717599}.Debug|Any CPU.ActiveCfg = Debug|Any CPU
		{BB2B87EB-36D4-4FFC-9FDA-2B933B717599}.Debug|Any CPU.Build.0 = Debug|Any CPU
		{BB2B87EB-36D4-4FFC-9FDA-2B933B717599}.Release|Any CPU.ActiveCfg = Release|Any CPU
		{BB2B87EB-36D4-4FFC-9FDA-2B933B717599}.Release|Any CPU.Build.0 = Release|Any CPU
		{263DF67C-AE64-4D9F-8C87-0B0128146A55}.Debug|Any CPU.ActiveCfg = Debug|Any CPU
		{263DF67C-AE64-4D9F-8C87-0B0128146A55}.Debug|Any CPU.Build.0 = Debug|Any CPU
		{263DF67C-AE64-4D9F-8C87-0B0128146A55}.Release|Any CPU.ActiveCfg = Release|Any CPU
		{263DF67C-AE64-4D9F-8C87-0B0128146A55}.Release|Any CPU.Build.0 = Release|Any CPU
	EndGlobalSection
	GlobalSection(SolutionProperties) = preSolution
		HideSolutionNode = FALSE
	EndGlobalSection
	GlobalSection(ExtensibilityGlobals) = postSolution
		SolutionGuid = {AAE719C8-639C-4CF0-B0EC-6B90E10DB2DD}
	EndGlobalSection
EndGlobal
