
Microsoft Visual Studio Solution File, Format Version 12.00
# Visual Studio Version 16
VisualStudioVersion = 16.0.29806.167
MinimumVisualStudioVersion = 10.0.40219.1
Project("{FAE04EC0-301F-11D3-BF4B-00C04F79EFBC}") = "1_DriveInfo", "DriveInfo\1_DriveInfo.csproj", "{918D49CC-82B2-4B44-93AB-378116146D52}"
EndProject
Project("{FAE04EC0-301F-11D3-BF4B-00C04F79EFBC}") = "2_Directory_DirectoryInfo", "Directory_DirectoryInfo\2_Directory_DirectoryInfo.csproj", "{1ECF0D8D-8BA7-4B42-BE11-5BDFFA12636B}"
EndProject
Project("{FAE04EC0-301F-11D3-BF4B-00C04F79EFBC}") = "3_File_FileInfo", "File_FileInfo\3_File_FileInfo.csproj", "{FA0C248B-EA25-4A8D-B5FE-5B6B49153F97}"
EndProject
Global
	GlobalSection(SolutionConfigurationPlatforms) = preSolution
		Debug|Any CPU = Debug|Any CPU
		Release|Any CPU = Release|Any CPU
	EndGlobalSection
	GlobalSection(ProjectConfigurationPlatforms) = postSolution
		{918D49CC-82B2-4B44-93AB-378116146D52}.Debug|Any CPU.ActiveCfg = Debug|Any CPU
		{918D49CC-82B2-4B44-93AB-378116146D52}.Debug|Any CPU.Build.0 = Debug|Any CPU
		{918D49CC-82B2-4B44-93AB-378116146D52}.Release|Any CPU.ActiveCfg = Release|Any CPU
		{918D49CC-82B2-4B44-93AB-378116146D52}.Release|Any CPU.Build.0 = Release|Any CPU
		{1ECF0D8D-8BA7-4B42-BE11-5BDFFA12636B}.Debug|Any CPU.ActiveCfg = Debug|Any CPU
		{1ECF0D8D-8BA7-4B42-BE11-5BDFFA12636B}.Debug|Any CPU.Build.0 = Debug|Any CPU
		{1ECF0D8D-8BA7-4B42-BE11-5BDFFA12636B}.Release|Any CPU.ActiveCfg = Release|Any CPU
		{1ECF0D8D-8BA7-4B42-BE11-5BDFFA12636B}.Release|Any CPU.Build.0 = Release|Any CPU
		{FA0C248B-EA25-4A8D-B5FE-5B6B49153F97}.Debug|Any CPU.ActiveCfg = Debug|Any CPU
		{FA0C248B-EA25-4A8D-B5FE-5B6B49153F97}.Debug|Any CPU.Build.0 = Debug|Any CPU
		{FA0C248B-EA25-4A8D-B5FE-5B6B49153F97}.Release|Any CPU.ActiveCfg = Release|Any CPU
		{FA0C248B-EA25-4A8D-B5FE-5B6B49153F97}.Release|Any CPU.Build.0 = Release|Any CPU
	EndGlobalSection
	GlobalSection(SolutionProperties) = preSolution
		HideSolutionNode = FALSE
	EndGlobalSection
	GlobalSection(ExtensibilityGlobals) = postSolution
		SolutionGuid = {00C2E340-596B-4707-8FA2-8328E02872D4}
	EndGlobalSection
EndGlobal
